github.com/hugolgst/rich-go v0.0.0-20210925091458-d59fb695d9c0 h1:IkZfZBWufGFLvci1vXLiUu8PWVtG6wlz920CMtHobMo=
github.com/hugolgst/rich-go v0.0.0-20210925091458-d59fb695d9c0/go.mod h1:nGaW7CGfNZnhtiFxMpc4OZdqIexGXjUlBnlmpZmjEKA=
gopkg.in/natefinch/npipe.v2 v2.0.0-20160621034901-c1b8fa8bdcce h1:+JknDZhAj8YMt7GC73Ei8pv4MzjDUNPHgQWJdtMAaDU=
gopkg.in/natefinch/npipe.v2 v2.0.0-20160621034901-c1b8fa8bdcce/go.mod h1:5AcXVHNjg+BDxry382+8OKon8SEWiKktQR07RKPsv1c=
